
Microsoft Visual Studio Solution File, Format Version 12.00
# Visual Studio Version 17
VisualStudioVersion = 17.0.31903.59
MinimumVisualStudioVersion = 10.0.40219.1
Project("{2150E333-8FDC-42A3-9474-1A3956D46DE8}") = "Backend", "Backend", "{1AE8ACA6-933B-BF2A-3671-3E2EAC007D16}"
EndProject
Project("{FAE04EC0-301F-11D3-BF4B-00C04F79EFBC}") = "API", "Backend\API\API.csproj", "{764ED7C8-948B-410A-91B0-CA0AAFB6CCD4}"
EndProject
Project("{FAE04EC0-301F-11D3-BF4B-00C04F79EFBC}") = "Infrastructure", "Backend\Infrastructure\Infrastructure.csproj", "{31169AE9-0EBB-4F71-92E0-D5EDF14EFD1E}"
EndProject
Project("{FAE04EC0-301F-11D3-BF4B-00C04F79EFBC}") = "Core", "Backend\Core\Core.csproj", "{1654AAB5-1A9C-4257-B162-FB698339FA55}"
EndProject
Global
	GlobalSection(SolutionConfigurationPlatforms) = preSolution
		Debug|Any CPU = Debug|Any CPU
		Debug|x64 = Debug|x64
		Debug|x86 = Debug|x86
		Release|Any CPU = Release|Any CPU
		Release|x64 = Release|x64
		Release|x86 = Release|x86
	EndGlobalSection
	GlobalSection(ProjectConfigurationPlatforms) = postSolution
		{764ED7C8-948B-410A-91B0-CA0AAFB6CCD4}.Debug|Any CPU.ActiveCfg = Debug|Any CPU
		{764ED7C8-948B-410A-91B0-CA0AAFB6CCD4}.Debug|Any CPU.Build.0 = Debug|Any CPU
		{764ED7C8-948B-410A-91B0-CA0AAFB6CCD4}.Debug|x64.ActiveCfg = Debug|Any CPU
		{764ED7C8-948B-410A-91B0-CA0AAFB6CCD4}.Debug|x64.Build.0 = Debug|Any CPU
		{764ED7C8-948B-410A-91B0-CA0AAFB6CCD4}.Debug|x86.ActiveCfg = Debug|Any CPU
		{764ED7C8-948B-410A-91B0-CA0AAFB6CCD4}.Debug|x86.Build.0 = Debug|Any CPU
		{764ED7C8-948B-410A-91B0-CA0AAFB6CCD4}.Release|Any CPU.ActiveCfg = Release|Any CPU
		{764ED7C8-948B-410A-91B0-CA0AAFB6CCD4}.Release|Any CPU.Build.0 = Release|Any CPU
		{764ED7C8-948B-410A-91B0-CA0AAFB6CCD4}.Release|x64.ActiveCfg = Release|Any CPU
		{764ED7C8-948B-410A-91B0-CA0AAFB6CCD4}.Release|x64.Build.0 = Release|Any CPU
		{764ED7C8-948B-410A-91B0-CA0AAFB6CCD4}.Release|x86.ActiveCfg = Release|Any CPU
		{764ED7C8-948B-410A-91B0-CA0AAFB6CCD4}.Release|x86.Build.0 = Release|Any CPU
		{31169AE9-0EBB-4F71-92E0-D5EDF14EFD1E}.Debug|Any CPU.ActiveCfg = Debug|Any CPU
		{31169AE9-0EBB-4F71-92E0-D5EDF14EFD1E}.Debug|Any CPU.Build.0 = Debug|Any CPU
		{31169AE9-0EBB-4F71-92E0-D5EDF14EFD1E}.Debug|x64.ActiveCfg = Debug|Any CPU
		{31169AE9-0EBB-4F71-92E0-D5EDF14EFD1E}.Debug|x64.Build.0 = Debug|Any CPU
		{31169AE9-0EBB-4F71-92E0-D5EDF14EFD1E}.Debug|x86.ActiveCfg = Debug|Any CPU
		{31169AE9-0EBB-4F71-92E0-D5EDF14EFD1E}.Debug|x86.Build.0 = Debug|Any CPU
		{31169AE9-0EBB-4F71-92E0-D5EDF14EFD1E}.Release|Any CPU.ActiveCfg = Release|Any CPU
		{31169AE9-0EBB-4F71-92E0-D5EDF14EFD1E}.Release|Any CPU.Build.0 = Release|Any CPU
		{31169AE9-0EBB-4F71-92E0-D5EDF14EFD1E}.Release|x64.ActiveCfg = Release|Any CPU
		{31169AE9-0EBB-4F71-92E0-D5EDF14EFD1E}.Release|x64.Build.0 = Release|Any CPU
		{31169AE9-0EBB-4F71-92E0-D5EDF14EFD1E}.Release|x86.ActiveCfg = Release|Any CPU
		{31169AE9-0EBB-4F71-92E0-D5EDF14EFD1E}.Release|x86.Build.0 = Release|Any CPU
		{1654AAB5-1A9C-4257-B162-FB698339FA55}.Debug|Any CPU.ActiveCfg = Debug|Any CPU
		{1654AAB5-1A9C-4257-B162-FB698339FA55}.Debug|Any CPU.Build.0 = Debug|Any CPU
		{1654AAB5-1A9C-4257-B162-FB698339FA55}.Debug|x64.ActiveCfg = Debug|Any CPU
		{1654AAB5-1A9C-4257-B162-FB698339FA55}.Debug|x64.Build.0 = Debug|Any CPU
		{1654AAB5-1A9C-4257-B162-FB698339FA55}.Debug|x86.ActiveCfg = Debug|Any CPU
		{1654AAB5-1A9C-4257-B162-FB698339FA55}.Debug|x86.Build.0 = Debug|Any CPU
		{1654AAB5-1A9C-4257-B162-FB698339FA55}.Release|Any CPU.ActiveCfg = Release|Any CPU
		{1654AAB5-1A9C-4257-B162-FB698339FA55}.Release|Any CPU.Build.0 = Release|Any CPU
		{1654AAB5-1A9C-4257-B162-FB698339FA55}.Release|x64.ActiveCfg = Release|Any CPU
		{1654AAB5-1A9C-4257-B162-FB698339FA55}.Release|x64.Build.0 = Release|Any CPU
		{1654AAB5-1A9C-4257-B162-FB698339FA55}.Release|x86.ActiveCfg = Release|Any CPU
		{1654AAB5-1A9C-4257-B162-FB698339FA55}.Release|x86.Build.0 = Release|Any CPU
	EndGlobalSection
	GlobalSection(SolutionProperties) = preSolution
		HideSolutionNode = FALSE
	EndGlobalSection
	GlobalSection(NestedProjects) = preSolution
		{764ED7C8-948B-410A-91B0-CA0AAFB6CCD4} = {1AE8ACA6-933B-BF2A-3671-3E2EAC007D16}
		{31169AE9-0EBB-4F71-92E0-D5EDF14EFD1E} = {1AE8ACA6-933B-BF2A-3671-3E2EAC007D16}
		{1654AAB5-1A9C-4257-B162-FB698339FA55} = {1AE8ACA6-933B-BF2A-3671-3E2EAC007D16}
	EndGlobalSection
EndGlobal
